
Microsoft Visual Studio Solution File, Format Version 12.00
# Visual Studio Version 17
VisualStudioVersion = 17.11.35327.3
MinimumVisualStudioVersion = 10.0.40219.1
Project("{FAE04EC0-301F-11D3-BF4B-00C04F79EFBC}") = "EF-Four", "EF-Four\EF-Four.csproj", "{4BC02B5E-18ED-4924-BC5E-255900A1F3A2}"
EndProject
Global
	GlobalSection(SolutionConfigurationPlatforms) = preSolution
		Debug|Any CPU = Debug|Any CPU
		Release|Any CPU = Release|Any CPU
	EndGlobalSection
	GlobalSection(ProjectConfigurationPlatforms) = postSolution
		{4BC02B5E-18ED-4924-BC5E-255900A1F3A2}.Debug|Any CPU.ActiveCfg = Debug|Any CPU
		{4BC02B5E-18ED-4924-BC5E-255900A1F3A2}.Debug|Any CPU.Build.0 = Debug|Any CPU
		{4BC02B5E-18ED-4924-BC5E-255900A1F3A2}.Release|Any CPU.ActiveCfg = Release|Any CPU
		{4BC02B5E-18ED-4924-BC5E-255900A1F3A2}.Release|Any CPU.Build.0 = Release|Any CPU
	EndGlobalSection
	GlobalSection(SolutionProperties) = preSolution
		HideSolutionNode = FALSE
	EndGlobalSection
	GlobalSection(ExtensibilityGlobals) = postSolution
		SolutionGuid = {91AF9E50-9748-4C58-9E48-CE7E2F26F737}
	EndGlobalSection
EndGlobal
